
Microsoft Visual Studio Solution File, Format Version 12.00
# Visual Studio Version 17
VisualStudioVersion = 17.1.32210.238
MinimumVisualStudioVersion = 10.0.40219.1
Project("{FAE04EC0-301F-11D3-BF4B-00C04F79EFBC}") = "Unify_Tasks", "Unify_Tasks.csproj", "{578FB225-243C-401B-8098-E18BF91EE278}"
EndProject
Global
	GlobalSection(SolutionConfigurationPlatforms) = preSolution
		Debug|Any CPU = Debug|Any CPU
		Release|Any CPU = Release|Any CPU
	EndGlobalSection
	GlobalSection(ProjectConfigurationPlatforms) = postSolution
		{578FB225-243C-401B-8098-E18BF91EE278}.Debug|Any CPU.ActiveCfg = Debug|Any CPU
		{578FB225-243C-401B-8098-E18BF91EE278}.Debug|Any CPU.Build.0 = Debug|Any CPU
		{578FB225-243C-401B-8098-E18BF91EE278}.Release|Any CPU.ActiveCfg = Release|Any CPU
		{578FB225-243C-401B-8098-E18BF91EE278}.Release|Any CPU.Build.0 = Release|Any CPU
	EndGlobalSection
	GlobalSection(SolutionProperties) = preSolution
		HideSolutionNode = FALSE
	EndGlobalSection
	GlobalSection(ExtensibilityGlobals) = postSolution
		SolutionGuid = {BAA4E841-E964-4192-9C92-FF13C940D873}
	EndGlobalSection
EndGlobal
